dependencies:
- name: mongodb
  repository: oci://registry-1.docker.io/cloudpirates
  version: 0.10.3
- name: rabbitmq
  repository: oci://registry-1.docker.io/cloudpirates
  version: 0.7.10
digest: sha256:afc49c642362a3f3e35d5012e0f68bbe09ced8a423dbc0032ea797b49d79e9c2
generated: "2026-03-19T16:33:59.628345882Z"
